
Microsoft Visual Studio Solution File, Format Version 12.00
# Visual Studio Version 17
VisualStudioVersion = 17.4.33122.133
MinimumVisualStudioVersion = 10.0.40219.1
Project("{FAE04EC0-301F-11D3-BF4B-00C04F79EFBC}") = "Movie Database TA", "Movie Database TA\Movie Database TA.csproj", "{5580605D-180D-42B9-B198-8355930AE126}"
EndProject
Global
	GlobalSection(SolutionConfigurationPlatforms) = preSolution
		Debug|Any CPU = Debug|Any CPU
		Release|Any CPU = Release|Any CPU
	EndGlobalSection
	GlobalSection(ProjectConfigurationPlatforms) = postSolution
		{5580605D-180D-42B9-B198-8355930AE126}.Debug|Any CPU.ActiveCfg = Debug|Any CPU
		{5580605D-180D-42B9-B198-8355930AE126}.Debug|Any CPU.Build.0 = Debug|Any CPU
		{5580605D-180D-42B9-B198-8355930AE126}.Release|Any CPU.ActiveCfg = Release|Any CPU
		{5580605D-180D-42B9-B198-8355930AE126}.Release|Any CPU.Build.0 = Release|Any CPU
	EndGlobalSection
	GlobalSection(SolutionProperties) = preSolution
		HideSolutionNode = FALSE
	EndGlobalSection
	GlobalSection(ExtensibilityGlobals) = postSolution
		SolutionGuid = {D3175FA5-79C8-424E-99F4-0F80F4943956}
	EndGlobalSection
EndGlobal
